// !$*UTF8*$!
{
	archiveVersion = 1;
	classes = {
	};
	objectVersion = 46;
	objects = {

/* Begin PBXBuildFile section */
		D12174FD1C20E8660034C96C /* AddToDoItemViewController.m in Sources */ = {isa = PBXBuildFile; fileRef = D12174FC1C20E8660034C96C /* AddToDoItemViewController.m */; };
		D12175001C20ED890034C96C /* ToDoListTableViewController.m in Sources */ = {isa = PBXBuildFile; fileRef = D12174FF1C20ED890034C96C /* ToDoListTableViewController.m */; };
		D1431F3C1B6A5DA700CE5650 /* main.m in Sources */ = {isa = PBXBuildFile; fileRef = D1431F3B1B6A5DA700CE5650 /* main.m */; };
		D1431F3F1B6A5DA700CE5650 /* AppDelegate.m in Sources */ = {isa = PBXBuildFile; fileRef = D1431F3E1B6A5DA700CE5650 /* AppDelegate.m */; };
		D1431F421B6A5DA700CE5650 /* ViewController.m in Sources */ = {isa = PBXBuildFile; fileRef = D1431F411B6A5DA700CE5650 /* ViewController.m */; };
		D1431F451B6A5DA700CE5650 /* Main.storyboard in Resources */ = {isa = PBXBuildFile; fileRef = D1431F431B6A5DA700CE5650 /* Main.storyboard */; };
		D1431F471B6A5DA700CE5650 /* Images.xcassets in Resources */ = {isa = PBXBuildFile; fileRef = D1431F461B6A5DA700CE5650 /* Images.xcassets */; };
		D1431F4A1B6A5DA700CE5650 /* LaunchScreen.xib in Resources */ = {isa = PBXBuildFile; fileRef = D1431F481B6A5DA700CE5650 /* LaunchScreen.xib */; };
		D1431F561B6A5DA700CE5650 /* ToDoListTests.m in Sources */ = {isa = PBXBuildFile; fileRef = D1431F551B6A5DA700CE5650 /* ToDoListTests.m */; };
/* End PBXBuildFile section */

/* Begin PBXContainerItemProxy section */
		D1431F501B6A5DA700CE5650 /* PBXContainerItemProxy */ = {
			isa = PBXContainerItemProxy;
			containerPortal = D1431F2E1B6A5DA700CE5650 /* Project object */;
			proxyType = 1;
			remoteGlobalIDString = D1431F351B6A5DA700CE5650;
			remoteInfo = ToDoList;
		};
/* End PBXContainerItemProxy section */

/* Begin PBXFileReference section */
		D12174FB1C20E8660034C96C /* AddToDoItemViewController.h */ = {isa = PBXFileReference; fileEncoding = 4; lastKnownFileType = sourcecode.c.h; path = AddToDoItemViewController.h; sourceTree = "<group>"; };
		D12174FC1C20E8660034C96C /* AddToDoItemViewController.m */ = {isa = PBXFileReference; fileEncoding = 4; lastKnownFileType = sourcecode.c.objc; path = AddToDoItemViewController.m; sourceTree = "<group>"; };
		D12174FE1C20ED890034C96C /* ToDoListTableViewController.h */ = {isa = PBXFileReference; fileEncoding = 4; lastKnownFileType = sourcecode.c.h; path = ToDoListTableViewController.h; sourceTree = "<group>"; };
		D12174FF1C20ED890034C96C /* ToDoListTableViewController.m */ = {isa = PBXFileReference; fileEncoding = 4; lastKnownFileType = sourcecode.c.objc; path = ToDoListTableViewController.m; sourceTree = "<group>"; };
		D1431F361B6A5DA700CE5650 /* ToDoList.app */ = {isa = PBXFileReference; explicitFileType = wrapper.application; includeInIndex = 0; path = ToDoList.app; sourceTree = BUILT_PRODUCTS_DIR; };
		D1431F3A1B6A5DA700CE5650 /* Info.plist */ = {isa = PBXFileReference; lastKnownFileType = text.plist.xml; path = Info.plist; sourceTree = "<group>"; };
		D1431F3B1B6A5DA700CE5650 /* main.m */ = {isa = PBXFileReference; lastKnownFileType = sourcecode.c.objc; path = main.m; sourceTree = "<group>"; };
		D1431F3D1B6A5DA700CE5650 /* AppDelegate.h */ = {isa = PBXFileReference; lastKnownFileType = sourcecode.c.h; path = AppDelegate.h; sourceTree = "<group>"; };
		D1431F3E1B6A5DA700CE5650 /* AppDelegate.m */ = {isa = PBXFileReference; lastKnownFileType = sourcecode.c.objc; path = AppDelegate.m; sourceTree = "<group>"; };
		D1431F401B6A5DA700CE5650 /* ViewController.h */ = {isa = PBXFileReference; lastKnownFileType = sourcecode.c.h; path = ViewController.h; sourceTree = "<group>"; };
		D1431F411B6A5DA700CE5650 /* ViewController.m */ = {isa = PBXFileReference; lastKnownFileType = sourcecode.c.objc; path = ViewController.m; sourceTree = "<group>"; };
		D1431F441B6A5DA700CE5650 /* Base */ = {isa = PBXFileReference; lastKnownFileType = file.storyboard; name = Base; path = Base.lproj/Main.storyboard; sourceTree = "<group>"; };
		D1431F461B6A5DA700CE5650 /* Images.xcassets */ = {isa = PBXFileReference; lastKnownFileType = folder.assetcatalog; path = Images.xcassets; sourceTree = "<group>"; };
		D1431F491B6A5DA700CE5650 /* Base */ = {isa = PBXFileReference; lastKnownFileType = file.xib; name = Base; path = Base.lproj/LaunchScreen.xib; sourceTree = "<group>"; };
		D1431F4F1B6A5DA700CE5650 /* ToDoListTests.xctest */ = {isa = PBXFileReference; explicitFileType = wrapper.cfbundle; includeInIndex = 0; path = ToDoListTests.xctest; sourceTree = BUILT_PRODUCTS_DIR; };
		D1431F541B6A5DA700CE5650 /* Info.plist */ = {isa = PBXFileReference; lastKnownFileType = text.plist.xml; path = Info.plist; sourceTree = "<group>"; };
		D1431F551B6A5DA700CE5650 /* ToDoListTests.m */ = {isa = PBXFileReference; lastKnownFileType = sourcecode.c.objc; path = ToDoListTests.m; sourceTree = "<group>"; };
/* End PBXFileReference section */

/* Begin PBXFrameworksBuildPhase section */
		D1431F331B6A5DA700CE5650 /* Frameworks */ = {
			isa = PBXFrameworksBuildPhase;
			buildActionMask = 2147483647;
			files = (
			);
			runOnlyForDeploymentPostprocessing = 0;
		};
		D1431F4C1B6A5DA700CE5650 /* Frameworks */ = {
			isa = PBXFrameworksBuildPhase;
			buildActionMask = 2147483647;
			files = (
			);
			runOnlyForDeploymentPostprocessing = 0;
		};
/* End PBXFrameworksBuildPhase section */

/* Begin PBXGroup section */
		D1431F2D1B6A5DA700CE5650 = {
			isa = PBXGroup;
			children = (
				D1431F381B6A5DA700CE5650 /* ToDoList */,
				D1431F521B6A5DA700CE5650 /* ToDoListTests */,
				D1431F371B6A5DA700CE5650 /* Products */,
			);
			sourceTree = "<group>";
		};
		D1431F371B6A5DA700CE5650 /* Products */ = {
			isa = PBXGroup;
			children = (
				D1431F361B6A5DA700CE5650 /* ToDoList.app */,
				D1431F4F1B6A5DA700CE5650 /* ToDoListTests.xctest */,
			);
			name = Products;
			sourceTree = "<group>";
		};
		D1431F381B6A5DA700CE5650 /* ToDoList */ = {
			isa = PBXGroup;
			children = (
				D1431F3D1B6A5DA700CE5650 /* AppDelegate.h */,
				D1431F3E1B6A5DA700CE5650 /* AppDelegate.m */,
				D1431F401B6A5DA700CE5650 /* ViewController.h */,
				D1431F411B6A5DA700CE5650 /* ViewController.m */,
				D1431F431B6A5DA700CE5650 /* Main.storyboard */,
				D12174FE1C20ED890034C96C /* ToDoListTableViewController.h */,
				D12174FF1C20ED890034C96C /* ToDoListTableViewController.m */,
				D12174FB1C20E8660034C96C /* AddToDoItemViewController.h */,
				D12174FC1C20E8660034C96C /* AddToDoItemViewController.m */,
				D1431F461B6A5DA700CE5650 /* Images.xcassets */,
				D1431F481B6A5DA700CE5650 /* LaunchScreen.xib */,
				D1431F391B6A5DA700CE5650 /* Supporting Files */,
			);
			path = ToDoList;
			sourceTree = "<group>";
		};
		D1431F391B6A5DA700CE5650 /* Supporting Files */ = {
			isa = PBXGroup;
			children = (
				D1431F3A1B6A5DA700CE5650 /* Info.plist */,
				D1431F3B1B6A5DA700CE5650 /* main.m */,
			);
			name = "Supporting Files";
			sourceTree = "<group>";
		};
		D1431F521B6A5DA700CE5650 /* ToDoListTests */ = {
			isa = PBXGroup;
			children = (
				D1431F551B6A5DA700CE5650 /* ToDoListTests.m */,
				D1431F531B6A5DA700CE5650 /* Supporting Files */,
			);
			path = ToDoListTests;
			sourceTree = "<group>";
		};
		D1431F531B6A5DA700CE5650 /* Supporting Files */ = {
			isa = PBXGroup;
			children = (
				D1431F541B6A5DA700CE5650 /* Info.plist */,
			);
			name = "Supporting Files";
			sourceTree = "<group>";
		};
/* End PBXGroup section */

/* Begin PBXNativeTarget section */
		D1431F351B6A5DA700CE5650 /* ToDoList */ = {
			isa = PBXNativeTarget;
			buildConfigurationList = D1431F591B6A5DA700CE5650 /* Build configuration list for PBXNativeTarget "ToDoList" */;
			buildPhases = (
				D1431F321B6A5DA700CE5650 /* Sources */,
				D1431F331B6A5DA700CE5650 /* Frameworks */,
				D1431F341B6A5DA700CE5650 /* Resources */,
			);
			buildRules = (
			);
			dependencies = (
			);
			name = ToDoList;
			productName = ToDoList;
			productReference = D1431F361B6A5DA700CE5650 /* ToDoList.app */;
			productType = "com.apple.product-type.application";
		};
		D1431F4E1B6A5DA700CE5650 /* ToDoListTests */ = {
			isa = PBXNativeTarget;
			buildConfigurationList = D1431F5C1B6A5DA700CE5650 /* Build configuration list for PBXNativeTarget "ToDoListTests" */;
			buildPhases = (
				D1431F4B1B6A5DA700CE5650 /* Sources */,
				D1431F4C1B6A5DA700CE5650 /* Frameworks */,
				D1431F4D1B6A5DA700CE5650 /* Resources */,
			);
			buildRules = (
			);
			dependencies = (
				D1431F511B6A5DA700CE5650 /* PBXTargetDependency */,
			);
			name = ToDoListTests;
			productName = ToDoListTests;
			productReference = D1431F4F1B6A5DA700CE5650 /* ToDoListTests.xctest */;
			productType = "com.apple.product-type.bundle.unit-test";
		};
/* End PBXNativeTarget section */

/* Begin PBXProject section */
		D1431F2E1B6A5DA700CE5650 /* Project object */ = {
			isa = PBXProject;
			attributes = {
				LastUpgradeCheck = 0640;
				ORGANIZATIONNAME = "Brien Smith Martínez";
				TargetAttributes = {
					D1431F351B6A5DA700CE5650 = {
						CreatedOnToolsVersion = 6.4;
					};
					D1431F4E1B6A5DA700CE5650 = {
						CreatedOnToolsVersion = 6.4;
						TestTargetID = D1431F351B6A5DA700CE5650;
					};
				};
			};
			buildConfigurationList = D1431F311B6A5DA700CE5650 /* Build configuration list for PBXProject "ToDoList" */;
			compatibilityVersion = "Xcode 3.2";
			developmentRegion = English;
			hasScannedForEncodings = 0;
			knownRegions = (
				en,
				Base,
			);
			mainGroup = D1431F2D1B6A5DA700CE5650;
			productRefGroup = D1431F371B6A5DA700CE5650 /* Products */;
			projectDirPath = "";
			projectRoot = "";
			targets = (
				D1431F351B6A5DA700CE5650 /* ToDoList */,
				D1431F4E1B6A5DA700CE5650 /* ToDoListTests */,
			);
		};
/* End PBXProject section */

/* Begin PBXResourcesBuildPhase section */
		D1431F341B6A5DA700CE5650 /* Resources */ = {
			isa = PBXResourcesBuildPhase;
			buildActionMask = 2147483647;
			files = (
				D1431F451B6A5DA700CE5650 /* Main.storyboard in Resources */,
				D1431F4A1B6A5DA700CE5650 /* LaunchScreen.xib in Resources */,
				D1431F471B6A5DA700CE5650 /* Images.xcassets in Resources */,
			);
			runOnlyForDeploymentPostprocessing = 0;
		};
		D1431F4D1B6A5DA700CE5650 /* Resources */ = {
			isa = PBXResourcesBuildPhase;
			buildActionMask = 2147483647;
			files = (
			);
			runOnlyForDeploymentPostprocessing = 0;
		};
/* End PBXResourcesBuildPhase section */

/* Begin PBXSourcesBuildPhase section */
		D1431F321B6A5DA700CE5650 /* Sources */ = {
			isa = PBXSourcesBuildPhase;
			buildActionMask = 2147483647;
			files = (
				D1431F421B6A5DA700CE5650 /* ViewController.m in Sources */,
				D1431F3F1B6A5DA700CE5650 /* AppDelegate.m in Sources */,
				D1431F3C1B6A5DA700CE5650 /* main.m in Sources */,
				D12175001C20ED890034C96C /* ToDoListTableViewController.m in Sources */,
				D12174FD1C20E8660034C96C /* AddToDoItemViewController.m in Sources */,
			);
			runOnlyForDeploymentPostprocessing = 0;
		};
		D1431F4B1B6A5DA700CE5650 /* Sources */ = {
			isa = PBXSourcesBuildPhase;
			buildActionMask = 2147483647;
			files = (
				D1431F561B6A5DA700CE5650 /* ToDoListTests.m in Sources */,
			);
			runOnlyForDeploymentPostprocessing = 0;
		};
/* End PBXSourcesBuildPhase section */

/* Begin PBXTargetDependency section */
		D1431F511B6A5DA700CE5650 /* PBXTargetDependency */ = {
			isa = PBXTargetDependency;
			target = D1431F351B6A5DA700CE5650 /* ToDoList */;
			targetProxy = D1431F501B6A5DA700CE5650 /* PBXContainerItemProxy */;
		};
/* End PBXTargetDependency section */

/* Begin PBXVariantGroup section */
		D1431F431B6A5DA700CE5650 /* Main.storyboard */ = {
			isa = PBXVariantGroup;
			children = (
				D1431F441B6A5DA700CE5650 /* Base */,
			);
			name = Main.storyboard;
			sourceTree = "<group>";
		};
		D1431F481B6A5DA700CE5650 /* LaunchScreen.xib */ = {
			isa = PBXVariantGroup;
			children = (
				D1431F491B6A5DA700CE5650 /* Base */,
			);
			name = LaunchScreen.xib;
			sourceTree = "<group>";
		};
/* End PBXVariantGroup section */

/* Begin XCBuildConfiguration section */
		D1431F571B6A5DA700CE5650 /* Debug */ = {
			isa = XCBuildConfiguration;
			buildSettings = {
				ALWAYS_SEARCH_USER_PATHS = NO;
				CLANG_CXX_LANGUAGE_STANDARD = "gnu++0x";
				CLANG_CXX_LIBRARY = "libc++";
				CLANG_ENABLE_MODULES = YES;
				CLANG_ENABLE_OBJC_ARC = YES;
				CLANG_WARN_BOOL_CONVERSION = YES;
				CLANG_WARN_CONSTANT_CONVERSION = YES;
				CLANG_WARN_DIRECT_OBJC_ISA_USAGE = YES_ERROR;
				CLANG_WARN_EMPTY_BODY = YES;
				CLANG_WARN_ENUM_CONVERSION = YES;
				CLANG_WARN_INT_CONVERSION = YES;
				CLANG_WARN_OBJC_ROOT_CLASS = YES_ERROR;
				CLANG_WARN_UNREACHABLE_CODE = YES;
				CLANG_WARN__DUPLICATE_METHOD_MATCH = YES;
				"CODE_SIGN_IDENTITY[sdk=iphoneos*]" = "iPhone Developer";
				COPY_PHASE_STRIP = NO;
				DEBUG_INFORMATION_FORMAT = "dwarf-with-dsym";
				ENABLE_STRICT_OBJC_MSGSEND = YES;
				GCC_C_LANGUAGE_STANDARD = gnu99;
				GCC_DYNAMIC_NO_PIC = NO;
				GCC_NO_COMMON_BLOCKS = YES;
				GCC_OPTIMIZATION_LEVEL = 0;
				GCC_PREPROCESSOR_DEFINITIONS = (
					"DEBUG=1",
					"$(inherited)",
				);
				GCC_SYMBOLS_PRIVATE_EXTERN = NO;
				GCC_WARN_64_TO_32_BIT_CONVERSION = YES;
				GCC_WARN_ABOUT_RETURN_TYPE = YES_ERROR;
				GCC_WARN_UNDECLARED_SELECTOR = YES;
				GCC_WARN_UNINITIALIZED_AUTOS = YES_AGGRESSIVE;
				GCC_WARN_UNUSED_FUNCTION = YES;
				GCC_WARN_UNUSED_VARIABLE = YES;
				IPHONEOS_DEPLOYMENT_TARGET = 8.4;
				MTL_ENABLE_DEBUG_INFO = YES;
				ONLY_ACTIVE_ARCH = YES;
				SDKROOT = iphoneos;
				TARGETED_DEVICE_FAMILY = "1,2";
			};
			name = Debug;
		};
		D1431F581B6A5DA700CE5650 /* Release */ = {
			isa = XCBuildConfiguration;
			buildSettings = {
				ALWAYS_SEARCH_USER_PATHS = NO;
				CLANG_CXX_LANGUAGE_STANDARD = "gnu++0x";
				CLANG_CXX_LIBRARY = "libc++";
				CLANG_ENABLE_MODULES = YES;
				CLANG_ENABLE_OBJC_ARC = YES;
				CLANG_WARN_BOOL_CONVERSION = YES;
				CLANG_WARN_CONSTANT_CONVERSION = YES;
				CLANG_WARN_DIRECT_OBJC_ISA_USAGE = YES_ERROR;
				CLANG_WARN_EMPTY_BODY = YES;
				CLANG_WARN_ENUM_CONVERSION = YES;
				CLANG_WARN_INT_CONVERSION = YES;
				CLANG_WARN_OBJC_ROOT_CLASS = YES_ERROR;
				CLANG_WARN_UNREACHABLE_CODE = YES;
				CLANG_WARN__DUPLICATE_METHOD_MATCH = YES;
				"CODE_SIGN_IDENTITY[sdk=iphoneos*]" = "iPhone Developer";
				COPY_PHASE_STRIP = NO;
				DEBUG_INFORMATION_FORMAT = "dwarf-with-dsym";
				ENABLE_NS_ASSERTIONS = NO;
				ENABLE_STRICT_OBJC_MSGSEND = YES;
				GCC_C_LANGUAGE_STANDARD = gnu99;
				GCC_NO_COMMON_BLOCKS = YES;
				GCC_WARN_64_TO_32_BIT_CONVERSION = YES;
				GCC_WARN_ABOUT_RETURN_TYPE = YES_ERROR;
				GCC_WARN_UNDECLARED_SELECTOR = YES;
				GCC_WARN_UNINITIALIZED_AUTOS = YES_AGGRESSIVE;
				GCC_WARN_UNUSED_FUNCTION = YES;
				GCC_WARN_UNUSED_VARIABLE = YES;
				IPHONEOS_DEPLOYMENT_TARGET = 8.4;
				MTL_ENABLE_DEBUG_INFO = NO;
				SDKROOT = iphoneos;
				TARGETED_DEVICE_FAMILY = "1,2";
				VALIDATE_PRODUCT = YES;
			};
			name = Release;
		};
		D1431F5A1B6A5DA700CE5650 /* Debug */ = {
			isa = XCBuildConfiguration;
			buildSettings = {
				ASSETCATALOG_COMPILER_APPICON_NAME = AppIcon;
				INFOPLIST_FILE = ToDoList/Info.plist;
				LD_RUNPATH_SEARCH_PATHS = "$(inherited) @executable_path/Frameworks";
				PRODUCT_NAME = "$(TARGET_NAME)";
			};
			name = Debug;
		};
		D1431F5B1B6A5DA700CE5650 /* Release */ = {
			isa = XCBuildConfiguration;
			buildSettings = {
				ASSETCATALOG_COMPILER_APPICON_NAME = AppIcon;
				INFOPLIST_FILE = ToDoList/Info.plist;
				LD_RUNPATH_SEARCH_PATHS = "$(inherited) @executable_path/Frameworks";
				PRODUCT_NAME = "$(TARGET_NAME)";
			};
			name = Release;
		};
		D1431F5D1B6A5DA700CE5650 /* Debug */ = {
			isa = XCBuildConfiguration;
			buildSettings = {
				BUNDLE_LOADER = "$(TEST_HOST)";
				FRAMEWORK_SEARCH_PATHS = (
					"$(SDKROOT)/Developer/Library/Frameworks",
					"$(inherited)",
				);
				GCC_PREPROCESSOR_DEFINITIONS = (
					"DEBUG=1",
					"$(inherited)",
				);
				INFOPLIST_FILE = ToDoListTests/Info.plist;
				LD_RUNPATH_SEARCH_PATHS = "$(inherited) @executable_path/Frameworks @loader_path/Frameworks";
				PRODUCT_NAME = "$(TARGET_NAME)";
				TEST_HOST = "$(BUILT_PRODUCTS_DIR)/ToDoList.app/ToDoList";
			};
			name = Debug;
		};
		D1431F5E1B6A5DA700CE5650 /* Release */ = {
			isa = XCBuildConfiguration;
			buildSettings = {
				BUNDLE_LOADER = "$(TEST_HOST)";
				FRAMEWORK_SEARCH_PATHS = (
					"$(SDKROOT)/Developer/Library/Frameworks",
					"$(inherited)",
				);
				INFOPLIST_FILE = ToDoListTests/Info.plist;
				LD_RUNPATH_SEARCH_PATHS = "$(inherited) @executable_path/Frameworks @loader_path/Frameworks";
				PRODUCT_NAME = "$(TARGET_NAME)";
				TEST_HOST = "$(BUILT_PRODUCTS_DIR)/ToDoList.app/ToDoList";
			};
			name = Release;
		};
/* End XCBuildConfiguration section */

/* Begin XCConfigurationList section */
		D1431F311B6A5DA700CE5650 /* Build configuration list for PBXProject "ToDoList" */ = {
			isa = XCConfigurationList;
			buildConfigurations = (
				D1431F571B6A5DA700CE5650 /* Debug */,
				D1431F581B6A5DA700CE5650 /* Release */,
			);
			defaultConfigurationIsVisible = 0;
			defaultConfigurationName = Release;
		};
		D1431F591B6A5DA700CE5650 /* Build configuration list for PBXNativeTarget "ToDoList" */ = {
			isa = XCConfigurationList;
			buildConfigurations = (
				D1431F5A1B6A5DA700CE5650 /* Debug */,
				D1431F5B1B6A5DA700CE5650 /* Release */,
			);
			defaultConfigurationIsVisible = 0;
			defaultConfigurationName = Release;
		};
		D1431F5C1B6A5DA700CE5650 /* Build configuration list for PBXNativeTarget "ToDoListTests" */ = {
			isa = XCConfigurationList;
			buildConfigurations = (
				D1431F5D1B6A5DA700CE5650 /* Debug */,
				D1431F5E1B6A5DA700CE5650 /* Release */,
			);
			defaultConfigurationIsVisible = 0;
			defaultConfigurationName = Release;
		};
/* End XCConfigurationList section */
	};
	rootObject = D1431F2E1B6A5DA700CE5650 /* Project object */;
}
